
Microsoft Visual Studio Solution File, Format Version 12.00
Project("{FAE04EC0-301F-11D3-BF4B-00C04F79EFBC}") = "SQSPublisher", "Sqs\SQSPublisher\SQSPublisher.csproj", "{F4BED15E-DE39-4F51-B92B-AEED30FE6E73}"
EndProject
Project("{FAE04EC0-301F-11D3-BF4B-00C04F79EFBC}") = "SQSConsumer", "Sqs\SQSConsumer\SQSConsumer.csproj", "{A01A39EB-3C3B-4BA8-A99D-7E40B1644017}"
EndProject
Project("{2150E333-8FDC-42A3-9474-1A3956D46DE8}") = "Sqs", "Sqs", "{778AB0E6-9482-4B6E-9AE3-0B087771D10B}"
EndProject
Project("{2150E333-8FDC-42A3-9474-1A3956D46DE8}") = "Sns", "Sns", "{8EA9C3EC-6947-464C-B140-498FD35CF002}"
EndProject
Project("{FAE04EC0-301F-11D3-BF4B-00C04F79EFBC}") = "SNSPublisher", "Sns\SNSPublisher\SNSPublisher.csproj", "{48137EF0-AA9C-4070-A135-851405B87D0B}"
EndProject
Project("{2150E333-8FDC-42A3-9474-1A3956D46DE8}") = "DynamoDb", "DynamoDb", "{5A9E3579-8FFE-4C53-9247-3B3256BF034B}"
EndProject
Project("{FAE04EC0-301F-11D3-BF4B-00C04F79EFBC}") = "DynamoDb.Api", "DynamoDb\DynamoDb.Api\DynamoDb.Api.csproj", "{5C4D7E5E-317F-46A1-88A4-1710A3325BA9}"
EndProject
Project("{2150E333-8FDC-42A3-9474-1A3956D46DE8}") = "S3", "S3", "{32730748-F40F-45E6-B6DD-EA7AD5F4F424}"
EndProject
Project("{FAE04EC0-301F-11D3-BF4B-00C04F79EFBC}") = "S3Playground", "S3\S3Playground\S3Playground.csproj", "{12004BBF-0692-4353-B41B-7EE3CF3D7681}"
EndProject
Project("{FAE04EC0-301F-11D3-BF4B-00C04F79EFBC}") = "AmazonS3Example.API", "S3\AmazonS3Example.API\AmazonS3Example.API.csproj", "{37D475EF-EB93-4D27-912A-1B4A7251EE5D}"
EndProject
Global
	GlobalSection(SolutionConfigurationPlatforms) = preSolution
		Debug|Any CPU = Debug|Any CPU
		Release|Any CPU = Release|Any CPU
	EndGlobalSection
	GlobalSection(ProjectConfigurationPlatforms) = postSolution
		{F4BED15E-DE39-4F51-B92B-AEED30FE6E73}.Debug|Any CPU.ActiveCfg = Debug|Any CPU
		{F4BED15E-DE39-4F51-B92B-AEED30FE6E73}.Debug|Any CPU.Build.0 = Debug|Any CPU
		{F4BED15E-DE39-4F51-B92B-AEED30FE6E73}.Release|Any CPU.ActiveCfg = Release|Any CPU
		{F4BED15E-DE39-4F51-B92B-AEED30FE6E73}.Release|Any CPU.Build.0 = Release|Any CPU
		{A01A39EB-3C3B-4BA8-A99D-7E40B1644017}.Debug|Any CPU.ActiveCfg = Debug|Any CPU
		{A01A39EB-3C3B-4BA8-A99D-7E40B1644017}.Debug|Any CPU.Build.0 = Debug|Any CPU
		{A01A39EB-3C3B-4BA8-A99D-7E40B1644017}.Release|Any CPU.ActiveCfg = Release|Any CPU
		{A01A39EB-3C3B-4BA8-A99D-7E40B1644017}.Release|Any CPU.Build.0 = Release|Any CPU
		{48137EF0-AA9C-4070-A135-851405B87D0B}.Debug|Any CPU.ActiveCfg = Debug|Any CPU
		{48137EF0-AA9C-4070-A135-851405B87D0B}.Debug|Any CPU.Build.0 = Debug|Any CPU
		{48137EF0-AA9C-4070-A135-851405B87D0B}.Release|Any CPU.ActiveCfg = Release|Any CPU
		{48137EF0-AA9C-4070-A135-851405B87D0B}.Release|Any CPU.Build.0 = Release|Any CPU
		{5C4D7E5E-317F-46A1-88A4-1710A3325BA9}.Debug|Any CPU.ActiveCfg = Debug|Any CPU
		{5C4D7E5E-317F-46A1-88A4-1710A3325BA9}.Debug|Any CPU.Build.0 = Debug|Any CPU
		{5C4D7E5E-317F-46A1-88A4-1710A3325BA9}.Release|Any CPU.ActiveCfg = Release|Any CPU
		{5C4D7E5E-317F-46A1-88A4-1710A3325BA9}.Release|Any CPU.Build.0 = Release|Any CPU
		{12004BBF-0692-4353-B41B-7EE3CF3D7681}.Debug|Any CPU.ActiveCfg = Debug|Any CPU
		{12004BBF-0692-4353-B41B-7EE3CF3D7681}.Debug|Any CPU.Build.0 = Debug|Any CPU
		{12004BBF-0692-4353-B41B-7EE3CF3D7681}.Release|Any CPU.ActiveCfg = Release|Any CPU
		{12004BBF-0692-4353-B41B-7EE3CF3D7681}.Release|Any CPU.Build.0 = Release|Any CPU
		{37D475EF-EB93-4D27-912A-1B4A7251EE5D}.Debug|Any CPU.ActiveCfg = Debug|Any CPU
		{37D475EF-EB93-4D27-912A-1B4A7251EE5D}.Debug|Any CPU.Build.0 = Debug|Any CPU
		{37D475EF-EB93-4D27-912A-1B4A7251EE5D}.Release|Any CPU.ActiveCfg = Release|Any CPU
		{37D475EF-EB93-4D27-912A-1B4A7251EE5D}.Release|Any CPU.Build.0 = Release|Any CPU
	EndGlobalSection
	GlobalSection(NestedProjects) = preSolution
		{A01A39EB-3C3B-4BA8-A99D-7E40B1644017} = {778AB0E6-9482-4B6E-9AE3-0B087771D10B}
		{F4BED15E-DE39-4F51-B92B-AEED30FE6E73} = {778AB0E6-9482-4B6E-9AE3-0B087771D10B}
		{48137EF0-AA9C-4070-A135-851405B87D0B} = {8EA9C3EC-6947-464C-B140-498FD35CF002}
		{5C4D7E5E-317F-46A1-88A4-1710A3325BA9} = {5A9E3579-8FFE-4C53-9247-3B3256BF034B}
		{12004BBF-0692-4353-B41B-7EE3CF3D7681} = {32730748-F40F-45E6-B6DD-EA7AD5F4F424}
		{37D475EF-EB93-4D27-912A-1B4A7251EE5D} = {32730748-F40F-45E6-B6DD-EA7AD5F4F424}
	EndGlobalSection
EndGlobal
